
Microsoft Visual Studio Solution File, Format Version 12.00
# Visual Studio 15
VisualStudioVersion = 15.0.28307.489
MinimumVisualStudioVersion = 10.0.40219.1
Project("{FAE04EC0-301F-11D3-BF4B-00C04F79EFBC}") = "FactoryMEethod", "FactoryMEethod\FactoryMEethod.csproj", "{A18756CC-1985-4F9E-85E5-4EA36DA49253}"
EndProject
Global
	GlobalSection(SolutionConfigurationPlatforms) = preSolution
		Debug|Any CPU = Debug|Any CPU
		Release|Any CPU = Release|Any CPU
	EndGlobalSection
	GlobalSection(ProjectConfigurationPlatforms) = postSolution
		{A18756CC-1985-4F9E-85E5-4EA36DA49253}.Debug|Any CPU.ActiveCfg = Debug|Any CPU
		{A18756CC-1985-4F9E-85E5-4EA36DA49253}.Debug|Any CPU.Build.0 = Debug|Any CPU
		{A18756CC-1985-4F9E-85E5-4EA36DA49253}.Release|Any CPU.ActiveCfg = Release|Any CPU
		{A18756CC-1985-4F9E-85E5-4EA36DA49253}.Release|Any CPU.Build.0 = Release|Any CPU
	EndGlobalSection
	GlobalSection(SolutionProperties) = preSolution
		HideSolutionNode = FALSE
	EndGlobalSection
	GlobalSection(ExtensibilityGlobals) = postSolution
		SolutionGuid = {E57D6524-0B9D-469B-81A0-4097ED0FDCDC}
	EndGlobalSection
EndGlobal
