
Microsoft Visual Studio Solution File, Format Version 12.00
# Visual Studio 15
VisualStudioVersion = 15.0.28307.489
MinimumVisualStudioVersion = 10.0.40219.1
Project("{FAE04EC0-301F-11D3-BF4B-00C04F79EFBC}") = "Strategy", "Strategy\Strategy.csproj", "{CBE03785-FFCE-4EC3-80FE-8ABA025D8160}"
EndProject
Global
	GlobalSection(SolutionConfigurationPlatforms) = preSolution
		Debug|Any CPU = Debug|Any CPU
		Release|Any CPU = Release|Any CPU
	EndGlobalSection
	GlobalSection(ProjectConfigurationPlatforms) = postSolution
		{CBE03785-FFCE-4EC3-80FE-8ABA025D8160}.Debug|Any CPU.ActiveCfg = Debug|Any CPU
		{CBE03785-FFCE-4EC3-80FE-8ABA025D8160}.Debug|Any CPU.Build.0 = Debug|Any CPU
		{CBE03785-FFCE-4EC3-80FE-8ABA025D8160}.Release|Any CPU.ActiveCfg = Release|Any CPU
		{CBE03785-FFCE-4EC3-80FE-8ABA025D8160}.Release|Any CPU.Build.0 = Release|Any CPU
	EndGlobalSection
	GlobalSection(SolutionProperties) = preSolution
		HideSolutionNode = FALSE
	EndGlobalSection
	GlobalSection(ExtensibilityGlobals) = postSolution
		SolutionGuid = {0F4823BE-5943-43F9-8FE5-D4A99CAE1FD9}
	EndGlobalSection
EndGlobal
