
Microsoft Visual Studio Solution File, Format Version 12.00
# Visual Studio Version 16
VisualStudioVersion = 16.0.29728.190
MinimumVisualStudioVersion = 10.0.40219.1
Project("{9A19103F-16F7-4668-BE54-9A1E7A4F7556}") = "DynamicKeyword", "DynamicKeyword\DynamicKeyword.csproj", "{621A4DD4-A227-4B92-8B26-C72058C09B5C}"
EndProject
Project("{9A19103F-16F7-4668-BE54-9A1E7A4F7556}") = "LateBindingWithDynamic", "LateBindingWithDynamic\LateBindingWithDynamic.csproj", "{3A425E36-9109-4D43-81FD-A0C07B5F5E48}"
EndProject
Project("{9A19103F-16F7-4668-BE54-9A1E7A4F7556}") = "MathLibrary", "MathLibrary\MathLibrary.csproj", "{C99BE042-BAE5-490D-AC31-9FC682CFEFFA}"
EndProject
Project("{FAE04EC0-301F-11D3-BF4B-00C04F79EFBC}") = "ExportCarsToExcel", "ExportCarsToExcel\ExportCarsToExcel.csproj", "{A0F2BF4D-A5FE-4F87-84F0-19D8BF1DF93D}"
EndProject
Global
	GlobalSection(SolutionConfigurationPlatforms) = preSolution
		Debug|Any CPU = Debug|Any CPU
		Release|Any CPU = Release|Any CPU
	EndGlobalSection
	GlobalSection(ProjectConfigurationPlatforms) = postSolution
		{621A4DD4-A227-4B92-8B26-C72058C09B5C}.Debug|Any CPU.ActiveCfg = Debug|Any CPU
		{621A4DD4-A227-4B92-8B26-C72058C09B5C}.Debug|Any CPU.Build.0 = Debug|Any CPU
		{621A4DD4-A227-4B92-8B26-C72058C09B5C}.Release|Any CPU.ActiveCfg = Release|Any CPU
		{621A4DD4-A227-4B92-8B26-C72058C09B5C}.Release|Any CPU.Build.0 = Release|Any CPU
		{3A425E36-9109-4D43-81FD-A0C07B5F5E48}.Debug|Any CPU.ActiveCfg = Debug|Any CPU
		{3A425E36-9109-4D43-81FD-A0C07B5F5E48}.Debug|Any CPU.Build.0 = Debug|Any CPU
		{3A425E36-9109-4D43-81FD-A0C07B5F5E48}.Release|Any CPU.ActiveCfg = Release|Any CPU
		{3A425E36-9109-4D43-81FD-A0C07B5F5E48}.Release|Any CPU.Build.0 = Release|Any CPU
		{C99BE042-BAE5-490D-AC31-9FC682CFEFFA}.Debug|Any CPU.ActiveCfg = Debug|Any CPU
		{C99BE042-BAE5-490D-AC31-9FC682CFEFFA}.Debug|Any CPU.Build.0 = Debug|Any CPU
		{C99BE042-BAE5-490D-AC31-9FC682CFEFFA}.Release|Any CPU.ActiveCfg = Release|Any CPU
		{C99BE042-BAE5-490D-AC31-9FC682CFEFFA}.Release|Any CPU.Build.0 = Release|Any CPU
		{A0F2BF4D-A5FE-4F87-84F0-19D8BF1DF93D}.Debug|Any CPU.ActiveCfg = Debug|Any CPU
		{A0F2BF4D-A5FE-4F87-84F0-19D8BF1DF93D}.Debug|Any CPU.Build.0 = Debug|Any CPU
		{A0F2BF4D-A5FE-4F87-84F0-19D8BF1DF93D}.Release|Any CPU.ActiveCfg = Release|Any CPU
		{A0F2BF4D-A5FE-4F87-84F0-19D8BF1DF93D}.Release|Any CPU.Build.0 = Release|Any CPU
	EndGlobalSection
	GlobalSection(SolutionProperties) = preSolution
		HideSolutionNode = FALSE
	EndGlobalSection
	GlobalSection(ExtensibilityGlobals) = postSolution
		SolutionGuid = {ADE6AAB9-51C1-4CA2-9064-7F9DEFB5A55D}
	EndGlobalSection
EndGlobal
